// !$*UTF8*$!
{
	archiveVersion = 1;
	classes = {
	};
	objectVersion = 50;
	objects = {

/* Begin PBXBuildFile section */
		4C6C92EF26E3DC87004DC0DB /* HelloWorldSampleApp.swift in Sources */ = {isa = PBXBuildFile; fileRef = 4C6C92DC26E3DC82004DC0DB /* HelloWorldSampleApp.swift */; };
		4C6C92F026E3DC87004DC0DB /* HelloWorldSampleApp.swift in Sources */ = {isa = PBXBuildFile; fileRef = 4C6C92DC26E3DC82004DC0DB /* HelloWorldSampleApp.swift */; };
		4C6C92F126E3DC87004DC0DB /* ContentView.swift in Sources */ = {isa = PBXBuildFile; fileRef = 4C6C92DD26E3DC82004DC0DB /* ContentView.swift */; };
		4C6C92F226E3DC87004DC0DB /* ContentView.swift in Sources */ = {isa = PBXBuildFile; fileRef = 4C6C92DD26E3DC82004DC0DB /* ContentView.swift */; };
		4C6C92F326E3DC87004DC0DB /* Assets.xcassets in Resources */ = {isa = PBXBuildFile; fileRef = 4C6C92DE26E3DC86004DC0DB /* Assets.xcassets */; };
		4C6C92F426E3DC87004DC0DB /* Assets.xcassets in Resources */ = {isa = PBXBuildFile; fileRef = 4C6C92DE26E3DC86004DC0DB /* Assets.xcassets */; };
		4C6C931D26E3ECAA004DC0DB /* Marketing.swift in Sources */ = {isa = PBXBuildFile; fileRef = 4C6C930026E3E3FE004DC0DB /* Marketing.swift */; };
		4C6C931E26E3ECAB004DC0DB /* Marketing.swift in Sources */ = {isa = PBXBuildFile; fileRef = 4C6C930026E3E3FE004DC0DB /* Marketing.swift */; };
/* End PBXBuildFile section */

/* Begin PBXContainerItemProxy section */
		4C6C930A26E3E8BD004DC0DB /* PBXContainerItemProxy */ = {
			isa = PBXContainerItemProxy;
			containerPortal = 4C6C92D726E3DC81004DC0DB /* Project object */;
			proxyType = 1;
			remoteGlobalIDString = 4C6C92E226E3DC86004DC0DB;
			remoteInfo = "HelloWorldSample (iOS)";
		};
		4C6C931826E3E911004DC0DB /* PBXContainerItemProxy */ = {
			isa = PBXContainerItemProxy;
			containerPortal = 4C6C92D726E3DC81004DC0DB /* Project object */;
			proxyType = 1;
			remoteGlobalIDString = 4C6C92EA26E3DC86004DC0DB;
			remoteInfo = "HelloWorldSample (macOS)";
		};
/* End PBXContainerItemProxy section */

/* Begin PBXFileReference section */
		4C6C92DC26E3DC82004DC0DB /* HelloWorldSampleApp.swift */ = {isa = PBXFileReference; lastKnownFileType = sourcecode.swift; path = HelloWorldSampleApp.swift; sourceTree = "<group>"; };
		4C6C92DD26E3DC82004DC0DB /* ContentView.swift */ = {isa = PBXFileReference; lastKnownFileType = sourcecode.swift; path = ContentView.swift; sourceTree = "<group>"; };
		4C6C92DE26E3DC86004DC0DB /* Assets.xcassets */ = {isa = PBXFileReference; lastKnownFileType = folder.assetcatalog; path = Assets.xcassets; sourceTree = "<group>"; };
		4C6C92E326E3DC86004DC0DB /* HelloWorldSample.app */ = {isa = PBXFileReference; explicitFileType = wrapper.application; includeInIndex = 0; path = HelloWorldSample.app; sourceTree = BUILT_PRODUCTS_DIR; };
		4C6C92E626E3DC86004DC0DB /* Info.plist */ = {isa = PBXFileReference; lastKnownFileType = text.plist.xml; path = Info.plist; sourceTree = "<group>"; };
		4C6C92EB26E3DC86004DC0DB /* HelloWorldSample.app */ = {isa = PBXFileReference; explicitFileType = wrapper.application; includeInIndex = 0; path = HelloWorldSample.app; sourceTree = BUILT_PRODUCTS_DIR; };
		4C6C92ED26E3DC86004DC0DB /* Info.plist */ = {isa = PBXFileReference; lastKnownFileType = text.plist.xml; path = Info.plist; sourceTree = "<group>"; };
		4C6C92EE26E3DC86004DC0DB /* macOS.entitlements */ = {isa = PBXFileReference; lastKnownFileType = text.plist.entitlements; path = macOS.entitlements; sourceTree = "<group>"; };
		4C6C92FF26E3E2AE004DC0DB /* Marketing.xctestplan */ = {isa = PBXFileReference; lastKnownFileType = text; path = Marketing.xctestplan; sourceTree = "<group>"; };
		4C6C930026E3E3FE004DC0DB /* Marketing.swift */ = {isa = PBXFileReference; lastKnownFileType = sourcecode.swift; path = Marketing.swift; sourceTree = "<group>"; };
		4C6C930526E3E8BD004DC0DB /* UITests iOS.xctest */ = {isa = PBXFileReference; explicitFileType = wrapper.cfbundle; includeInIndex = 0; path = "UITests iOS.xctest"; sourceTree = BUILT_PRODUCTS_DIR; };
		4C6C930926E3E8BD004DC0DB /* Info.plist */ = {isa = PBXFileReference; lastKnownFileType = text.plist.xml; path = Info.plist; sourceTree = "<group>"; };
		4C6C931326E3E911004DC0DB /* UITests macOS.xctest */ = {isa = PBXFileReference; explicitFileType = wrapper.cfbundle; includeInIndex = 0; path = "UITests macOS.xctest"; sourceTree = BUILT_PRODUCTS_DIR; };
		4C6C931726E3E911004DC0DB /* Info.plist */ = {isa = PBXFileReference; lastKnownFileType = text.plist.xml; path = Info.plist; sourceTree = "<group>"; };
/* End PBXFileReference section */

/* Begin PBXFrameworksBuildPhase section */
		4C6C92E026E3DC86004DC0DB /* Frameworks */ = {
			isa = PBXFrameworksBuildPhase;
			buildActionMask = 2147483647;
			files = (
			);
			runOnlyForDeploymentPostprocessing = 0;
		};
		4C6C92E826E3DC86004DC0DB /* Frameworks */ = {
			isa = PBXFrameworksBuildPhase;
			buildActionMask = 2147483647;
			files = (
			);
			runOnlyForDeploymentPostprocessing = 0;
		};
		4C6C930226E3E8BD004DC0DB /* Frameworks */ = {
			isa = PBXFrameworksBuildPhase;
			buildActionMask = 2147483647;
			files = (
			);
			runOnlyForDeploymentPostprocessing = 0;
		};
		4C6C931026E3E911004DC0DB /* Frameworks */ = {
			isa = PBXFrameworksBuildPhase;
			buildActionMask = 2147483647;
			files = (
			);
			runOnlyForDeploymentPostprocessing = 0;
		};
/* End PBXFrameworksBuildPhase section */

/* Begin PBXGroup section */
		4C6C92D626E3DC81004DC0DB = {
			isa = PBXGroup;
			children = (
				4C6C92E526E3DC86004DC0DB /* iOS */,
				4C6C92EC26E3DC86004DC0DB /* macOS */,
				4C6C930626E3E8BD004DC0DB /* UITests iOS */,
				4C6C931426E3E911004DC0DB /* UITests macOS */,
				4C6C92E426E3DC86004DC0DB /* Products */,
				4C6C92DB26E3DC81004DC0DB /* Shared */,
				4C6C92FE26E3E2AE004DC0DB /* UITests Shared */,
			);
			sourceTree = "<group>";
		};
		4C6C92DB26E3DC81004DC0DB /* Shared */ = {
			isa = PBXGroup;
			children = (
				4C6C92DC26E3DC82004DC0DB /* HelloWorldSampleApp.swift */,
				4C6C92DD26E3DC82004DC0DB /* ContentView.swift */,
				4C6C92DE26E3DC86004DC0DB /* Assets.xcassets */,
			);
			path = Shared;
			sourceTree = "<group>";
		};
		4C6C92E426E3DC86004DC0DB /* Products */ = {
			isa = PBXGroup;
			children = (
				4C6C92E326E3DC86004DC0DB /* HelloWorldSample.app */,
				4C6C92EB26E3DC86004DC0DB /* HelloWorldSample.app */,
				4C6C930526E3E8BD004DC0DB /* UITests iOS.xctest */,
				4C6C931326E3E911004DC0DB /* UITests macOS.xctest */,
			);
			name = Products;
			sourceTree = "<group>";
		};
		4C6C92E526E3DC86004DC0DB /* iOS */ = {
			isa = PBXGroup;
			children = (
				4C6C92E626E3DC86004DC0DB /* Info.plist */,
			);
			path = iOS;
			sourceTree = "<group>";
		};
		4C6C92EC26E3DC86004DC0DB /* macOS */ = {
			isa = PBXGroup;
			children = (
				4C6C92ED26E3DC86004DC0DB /* Info.plist */,
				4C6C92EE26E3DC86004DC0DB /* macOS.entitlements */,
			);
			path = macOS;
			sourceTree = "<group>";
		};
		4C6C92FE26E3E2AE004DC0DB /* UITests Shared */ = {
			isa = PBXGroup;
			children = (
				4C6C92FF26E3E2AE004DC0DB /* Marketing.xctestplan */,
				4C6C930026E3E3FE004DC0DB /* Marketing.swift */,
			);
			path = "UITests Shared";
			sourceTree = "<group>";
		};
		4C6C930626E3E8BD004DC0DB /* UITests iOS */ = {
			isa = PBXGroup;
			children = (
				4C6C930926E3E8BD004DC0DB /* Info.plist */,
			);
			path = "UITests iOS";
			sourceTree = "<group>";
		};
		4C6C931426E3E911004DC0DB /* UITests macOS */ = {
			isa = PBXGroup;
			children = (
				4C6C931726E3E911004DC0DB /* Info.plist */,
			);
			path = "UITests macOS";
			sourceTree = "<group>";
		};
/* End PBXGroup section */

/* Begin PBXNativeTarget section */
		4C6C92E226E3DC86004DC0DB /* HelloWorldSample (iOS) */ = {
			isa = PBXNativeTarget;
			buildConfigurationList = 4C6C92F726E3DC87004DC0DB /* Build configuration list for PBXNativeTarget "HelloWorldSample (iOS)" */;
			buildPhases = (
				4C6C92DF26E3DC86004DC0DB /* Sources */,
				4C6C92E026E3DC86004DC0DB /* Frameworks */,
				4C6C92E126E3DC86004DC0DB /* Resources */,
			);
			buildRules = (
			);
			dependencies = (
			);
			name = "HelloWorldSample (iOS)";
			productName = "HelloWorldSample (iOS)";
			productReference = 4C6C92E326E3DC86004DC0DB /* HelloWorldSample.app */;
			productType = "com.apple.product-type.application";
		};
		4C6C92EA26E3DC86004DC0DB /* HelloWorldSample (macOS) */ = {
			isa = PBXNativeTarget;
			buildConfigurationList = 4C6C92FA26E3DC87004DC0DB /* Build configuration list for PBXNativeTarget "HelloWorldSample (macOS)" */;
			buildPhases = (
				4C6C92E726E3DC86004DC0DB /* Sources */,
				4C6C92E826E3DC86004DC0DB /* Frameworks */,
				4C6C92E926E3DC86004DC0DB /* Resources */,
			);
			buildRules = (
			);
			dependencies = (
			);
			name = "HelloWorldSample (macOS)";
			productName = "HelloWorldSample (macOS)";
			productReference = 4C6C92EB26E3DC86004DC0DB /* HelloWorldSample.app */;
			productType = "com.apple.product-type.application";
		};
		4C6C930426E3E8BD004DC0DB /* UITests iOS */ = {
			isa = PBXNativeTarget;
			buildConfigurationList = 4C6C930C26E3E8BD004DC0DB /* Build configuration list for PBXNativeTarget "UITests iOS" */;
			buildPhases = (
				4C6C930126E3E8BD004DC0DB /* Sources */,
				4C6C930226E3E8BD004DC0DB /* Frameworks */,
				4C6C930326E3E8BD004DC0DB /* Resources */,
			);
			buildRules = (
			);
			dependencies = (
				4C6C930B26E3E8BD004DC0DB /* PBXTargetDependency */,
			);
			name = "UITests iOS";
			productName = "UITests iOS";
			productReference = 4C6C930526E3E8BD004DC0DB /* UITests iOS.xctest */;
			productType = "com.apple.product-type.bundle.ui-testing";
		};
		4C6C931226E3E911004DC0DB /* UITests macOS */ = {
			isa = PBXNativeTarget;
			buildConfigurationList = 4C6C931A26E3E911004DC0DB /* Build configuration list for PBXNativeTarget "UITests macOS" */;
			buildPhases = (
				4C6C930F26E3E911004DC0DB /* Sources */,
				4C6C931026E3E911004DC0DB /* Frameworks */,
				4C6C931126E3E911004DC0DB /* Resources */,
			);
			buildRules = (
			);
			dependencies = (
				4C6C931926E3E911004DC0DB /* PBXTargetDependency */,
			);
			name = "UITests macOS";
			productName = "UITests macOS";
			productReference = 4C6C931326E3E911004DC0DB /* UITests macOS.xctest */;
			productType = "com.apple.product-type.bundle.ui-testing";
		};
/* End PBXNativeTarget section */

/* Begin PBXProject section */
		4C6C92D726E3DC81004DC0DB /* Project object */ = {
			isa = PBXProject;
			attributes = {
				LastSwiftUpdateCheck = 1250;
				LastUpgradeCheck = 1250;
				TargetAttributes = {
					4C6C92E226E3DC86004DC0DB = {
						CreatedOnToolsVersion = 12.5.1;
					};
					4C6C92EA26E3DC86004DC0DB = {
						CreatedOnToolsVersion = 12.5.1;
					};
					4C6C930426E3E8BD004DC0DB = {
						CreatedOnToolsVersion = 12.5.1;
						TestTargetID = 4C6C92E226E3DC86004DC0DB;
					};
					4C6C931226E3E911004DC0DB = {
						CreatedOnToolsVersion = 12.5.1;
						TestTargetID = 4C6C92EA26E3DC86004DC0DB;
					};
				};
			};
			buildConfigurationList = 4C6C92DA26E3DC81004DC0DB /* Build configuration list for PBXProject "HelloWorldSample" */;
			compatibilityVersion = "Xcode 9.3";
			developmentRegion = en;
			hasScannedForEncodings = 0;
			knownRegions = (
				en,
				Base,
			);
			mainGroup = 4C6C92D626E3DC81004DC0DB;
			productRefGroup = 4C6C92E426E3DC86004DC0DB /* Products */;
			projectDirPath = "";
			projectRoot = "";
			targets = (
				4C6C92E226E3DC86004DC0DB /* HelloWorldSample (iOS) */,
				4C6C92EA26E3DC86004DC0DB /* HelloWorldSample (macOS) */,
				4C6C930426E3E8BD004DC0DB /* UITests iOS */,
				4C6C931226E3E911004DC0DB /* UITests macOS */,
			);
		};
/* End PBXProject section */

/* Begin PBXResourcesBuildPhase section */
		4C6C92E126E3DC86004DC0DB /* Resources */ = {
			isa = PBXResourcesBuildPhase;
			buildActionMask = 2147483647;
			files = (
				4C6C92F326E3DC87004DC0DB /* Assets.xcassets in Resources */,
			);
			runOnlyForDeploymentPostprocessing = 0;
		};
		4C6C92E926E3DC86004DC0DB /* Resources */ = {
			isa = PBXResourcesBuildPhase;
			buildActionMask = 2147483647;
			files = (
				4C6C92F426E3DC87004DC0DB /* Assets.xcassets in Resources */,
			);
			runOnlyForDeploymentPostprocessing = 0;
		};
		4C6C930326E3E8BD004DC0DB /* Resources */ = {
			isa = PBXResourcesBuildPhase;
			buildActionMask = 2147483647;
			files = (
			);
			runOnlyForDeploymentPostprocessing = 0;
		};
		4C6C931126E3E911004DC0DB /* Resources */ = {
			isa = PBXResourcesBuildPhase;
			buildActionMask = 2147483647;
			files = (
			);
			runOnlyForDeploymentPostprocessing = 0;
		};
/* End PBXResourcesBuildPhase section */

/* Begin PBXSourcesBuildPhase section */
		4C6C92DF26E3DC86004DC0DB /* Sources */ = {
			isa = PBXSourcesBuildPhase;
			buildActionMask = 2147483647;
			files = (
				4C6C92F126E3DC87004DC0DB /* ContentView.swift in Sources */,
				4C6C92EF26E3DC87004DC0DB /* HelloWorldSampleApp.swift in Sources */,
			);
			runOnlyForDeploymentPostprocessing = 0;
		};
		4C6C92E726E3DC86004DC0DB /* Sources */ = {
			isa = PBXSourcesBuildPhase;
			buildActionMask = 2147483647;
			files = (
				4C6C92F226E3DC87004DC0DB /* ContentView.swift in Sources */,
				4C6C92F026E3DC87004DC0DB /* HelloWorldSampleApp.swift in Sources */,
			);
			runOnlyForDeploymentPostprocessing = 0;
		};
		4C6C930126E3E8BD004DC0DB /* Sources */ = {
			isa = PBXSourcesBuildPhase;
			buildActionMask = 2147483647;
			files = (
				4C6C931D26E3ECAA004DC0DB /* Marketing.swift in Sources */,
			);
			runOnlyForDeploymentPostprocessing = 0;
		};
		4C6C930F26E3E911004DC0DB /* Sources */ = {
			isa = PBXSourcesBuildPhase;
			buildActionMask = 2147483647;
			files = (
				4C6C931E26E3ECAB004DC0DB /* Marketing.swift in Sources */,
			);
			runOnlyForDeploymentPostprocessing = 0;
		};
/* End PBXSourcesBuildPhase section */

/* Begin PBXTargetDependency section */
		4C6C930B26E3E8BD004DC0DB /* PBXTargetDependency */ = {
			isa = PBXTargetDependency;
			target = 4C6C92E226E3DC86004DC0DB /* HelloWorldSample (iOS) */;
			targetProxy = 4C6C930A26E3E8BD004DC0DB /* PBXContainerItemProxy */;
		};
		4C6C931926E3E911004DC0DB /* PBXTargetDependency */ = {
			isa = PBXTargetDependency;
			target = 4C6C92EA26E3DC86004DC0DB /* HelloWorldSample (macOS) */;
			targetProxy = 4C6C931826E3E911004DC0DB /* PBXContainerItemProxy */;
		};
/* End PBXTargetDependency section */

/* Begin XCBuildConfiguration section */
		4C6C92F526E3DC87004DC0DB /* Debug */ = {
			isa = XCBuildConfiguration;
			buildSettings = {
				ALWAYS_SEARCH_USER_PATHS = NO;
				CLANG_ANALYZER_NONNULL = YES;
				CLANG_ANALYZER_NUMBER_OBJECT_CONVERSION = YES_AGGRESSIVE;
				CLANG_CXX_LANGUAGE_STANDARD = "gnu++14";
				CLANG_CXX_LIBRARY = "libc++";
				CLANG_ENABLE_MODULES = YES;
				CLANG_ENABLE_OBJC_ARC = YES;
				CLANG_ENABLE_OBJC_WEAK = YES;
				CLANG_WARN_BLOCK_CAPTURE_AUTORELEASING = YES;
				CLANG_WARN_BOOL_CONVERSION = YES;
				CLANG_WARN_COMMA = YES;
				CLANG_WARN_CONSTANT_CONVERSION = YES;
				CLANG_WARN_DEPRECATED_OBJC_IMPLEMENTATIONS = YES;
				CLANG_WARN_DIRECT_OBJC_ISA_USAGE = YES_ERROR;
				CLANG_WARN_DOCUMENTATION_COMMENTS = YES;
				CLANG_WARN_EMPTY_BODY = YES;
				CLANG_WARN_ENUM_CONVERSION = YES;
				CLANG_WARN_INFINITE_RECURSION = YES;
				CLANG_WARN_INT_CONVERSION = YES;
				CLANG_WARN_NON_LITERAL_NULL_CONVERSION = YES;
				CLANG_WARN_OBJC_IMPLICIT_RETAIN_SELF = YES;
				CLANG_WARN_OBJC_LITERAL_CONVERSION = YES;
				CLANG_WARN_OBJC_ROOT_CLASS = YES_ERROR;
				CLANG_WARN_QUOTED_INCLUDE_IN_FRAMEWORK_HEADER = YES;
				CLANG_WARN_RANGE_LOOP_ANALYSIS = YES;
				CLANG_WARN_STRICT_PROTOTYPES = YES;
				CLANG_WARN_SUSPICIOUS_MOVE = YES;
				CLANG_WARN_UNGUARDED_AVAILABILITY = YES_AGGRESSIVE;
				CLANG_WARN_UNREACHABLE_CODE = YES;
				CLANG_WARN__DUPLICATE_METHOD_MATCH = YES;
				COPY_PHASE_STRIP = NO;
				DEBUG_INFORMATION_FORMAT = dwarf;
				ENABLE_STRICT_OBJC_MSGSEND = YES;
				ENABLE_TESTABILITY = YES;
				GCC_C_LANGUAGE_STANDARD = gnu11;
				GCC_DYNAMIC_NO_PIC = NO;
				GCC_NO_COMMON_BLOCKS = YES;
				GCC_OPTIMIZATION_LEVEL = 0;
				GCC_PREPROCESSOR_DEFINITIONS = (
					"DEBUG=1",
					"$(inherited)",
				);
				GCC_WARN_64_TO_32_BIT_CONVERSION = YES;
				GCC_WARN_ABOUT_RETURN_TYPE = YES_ERROR;
				GCC_WARN_UNDECLARED_SELECTOR = YES;
				GCC_WARN_UNINITIALIZED_AUTOS = YES_AGGRESSIVE;
				GCC_WARN_UNUSED_FUNCTION = YES;
				GCC_WARN_UNUSED_VARIABLE = YES;
				MTL_ENABLE_DEBUG_INFO = INCLUDE_SOURCE;
				MTL_FAST_MATH = YES;
				ONLY_ACTIVE_ARCH = YES;
				SWIFT_ACTIVE_COMPILATION_CONDITIONS = DEBUG;
				SWIFT_OPTIMIZATION_LEVEL = "-Onone";
			};
			name = Debug;
		};
		4C6C92F626E3DC87004DC0DB /* Release */ = {
			isa = XCBuildConfiguration;
			buildSettings = {
				ALWAYS_SEARCH_USER_PATHS = NO;
				CLANG_ANALYZER_NONNULL = YES;
				CLANG_ANALYZER_NUMBER_OBJECT_CONVERSION = YES_AGGRESSIVE;
				CLANG_CXX_LANGUAGE_STANDARD = "gnu++14";
				CLANG_CXX_LIBRARY = "libc++";
				CLANG_ENABLE_MODULES = YES;
				CLANG_ENABLE_OBJC_ARC = YES;
				CLANG_ENABLE_OBJC_WEAK = YES;
				CLANG_WARN_BLOCK_CAPTURE_AUTORELEASING = YES;
				CLANG_WARN_BOOL_CONVERSION = YES;
				CLANG_WARN_COMMA = YES;
				CLANG_WARN_CONSTANT_CONVERSION = YES;
				CLANG_WARN_DEPRECATED_OBJC_IMPLEMENTATIONS = YES;
				CLANG_WARN_DIRECT_OBJC_ISA_USAGE = YES_ERROR;
				CLANG_WARN_DOCUMENTATION_COMMENTS = YES;
				CLANG_WARN_EMPTY_BODY = YES;
				CLANG_WARN_ENUM_CONVERSION = YES;
				CLANG_WARN_INFINITE_RECURSION = YES;
				CLANG_WARN_INT_CONVERSION = YES;
				CLANG_WARN_NON_LITERAL_NULL_CONVERSION = YES;
				CLANG_WARN_OBJC_IMPLICIT_RETAIN_SELF = YES;
				CLANG_WARN_OBJC_LITERAL_CONVERSION = YES;
				CLANG_WARN_OBJC_ROOT_CLASS = YES_ERROR;
				CLANG_WARN_QUOTED_INCLUDE_IN_FRAMEWORK_HEADER = YES;
				CLANG_WARN_RANGE_LOOP_ANALYSIS = YES;
				CLANG_WARN_STRICT_PROTOTYPES = YES;
				CLANG_WARN_SUSPICIOUS_MOVE = YES;
				CLANG_WARN_UNGUARDED_AVAILABILITY = YES_AGGRESSIVE;
				CLANG_WARN_UNREACHABLE_CODE = YES;
				CLANG_WARN__DUPLICATE_METHOD_MATCH = YES;
				COPY_PHASE_STRIP = NO;
				DEBUG_INFORMATION_FORMAT = "dwarf-with-dsym";
				ENABLE_NS_ASSERTIONS = NO;
				ENABLE_STRICT_OBJC_MSGSEND = YES;
				GCC_C_LANGUAGE_STANDARD = gnu11;
				GCC_NO_COMMON_BLOCKS = YES;
				GCC_WARN_64_TO_32_BIT_CONVERSION = YES;
				GCC_WARN_ABOUT_RETURN_TYPE = YES_ERROR;
				GCC_WARN_UNDECLARED_SELECTOR = YES;
				GCC_WARN_UNINITIALIZED_AUTOS = YES_AGGRESSIVE;
				GCC_WARN_UNUSED_FUNCTION = YES;
				GCC_WARN_UNUSED_VARIABLE = YES;
				MTL_ENABLE_DEBUG_INFO = NO;
				MTL_FAST_MATH = YES;
				SWIFT_COMPILATION_MODE = wholemodule;
				SWIFT_OPTIMIZATION_LEVEL = "-O";
			};
			name = Release;
		};
		4C6C92F826E3DC87004DC0DB /* Debug */ = {
			isa = XCBuildConfiguration;
			buildSettings = {
				ASSETCATALOG_COMPILER_APPICON_NAME = AppIcon;
				ASSETCATALOG_COMPILER_GLOBAL_ACCENT_COLOR_NAME = AccentColor;
				CODE_SIGN_STYLE = Automatic;
				DEVELOPMENT_TEAM = MBQ98GC8JT;
				ENABLE_PREVIEWS = YES;
				INFOPLIST_FILE = iOS/Info.plist;
				IPHONEOS_DEPLOYMENT_TARGET = 14.0;
				LD_RUNPATH_SEARCH_PATHS = (
					"$(inherited)",
					"@executable_path/Frameworks",
				);
				PRODUCT_BUNDLE_IDENTIFIER = renaud.jenny.HelloWorldSample;
				PRODUCT_NAME = HelloWorldSample;
				SDKROOT = iphoneos;
				SWIFT_VERSION = 5.0;
				TARGETED_DEVICE_FAMILY = "1,2";
			};
			name = Debug;
		};
		4C6C92F926E3DC87004DC0DB /* Release */ = {
			isa = XCBuildConfiguration;
			buildSettings = {
				ASSETCATALOG_COMPILER_APPICON_NAME = AppIcon;
				ASSETCATALOG_COMPILER_GLOBAL_ACCENT_COLOR_NAME = AccentColor;
				CODE_SIGN_STYLE = Automatic;
				DEVELOPMENT_TEAM = MBQ98GC8JT;
				ENABLE_PREVIEWS = YES;
				INFOPLIST_FILE = iOS/Info.plist;
				IPHONEOS_DEPLOYMENT_TARGET = 14.0;
				LD_RUNPATH_SEARCH_PATHS = (
					"$(inherited)",
					"@executable_path/Frameworks",
				);
				PRODUCT_BUNDLE_IDENTIFIER = renaud.jenny.HelloWorldSample;
				PRODUCT_NAME = HelloWorldSample;
				SDKROOT = iphoneos;
				SWIFT_VERSION = 5.0;
				TARGETED_DEVICE_FAMILY = "1,2";
				VALIDATE_PRODUCT = YES;
			};
			name = Release;
		};
		4C6C92FB26E3DC87004DC0DB /* Debug */ = {
			isa = XCBuildConfiguration;
			buildSettings = {
				ASSETCATALOG_COMPILER_APPICON_NAME = AppIcon;
				ASSETCATALOG_COMPILER_GLOBAL_ACCENT_COLOR_NAME = AccentColor;
				CODE_SIGN_ENTITLEMENTS = macOS/macOS.entitlements;
				CODE_SIGN_STYLE = Automatic;
				COMBINE_HIDPI_IMAGES = YES;
				DEVELOPMENT_TEAM = MBQ98GC8JT;
				ENABLE_HARDENED_RUNTIME = YES;
				ENABLE_PREVIEWS = YES;
				INFOPLIST_FILE = macOS/Info.plist;
				LD_RUNPATH_SEARCH_PATHS = (
					"$(inherited)",
					"@executable_path/../Frameworks",
				);
				MACOSX_DEPLOYMENT_TARGET = 11.0;
				PRODUCT_BUNDLE_IDENTIFIER = renaud.jenny.HelloWorldSample;
				PRODUCT_NAME = HelloWorldSample;
				SDKROOT = macosx;
				SWIFT_VERSION = 5.0;
			};
			name = Debug;
		};
		4C6C92FC26E3DC87004DC0DB /* Release */ = {
			isa = XCBuildConfiguration;
			buildSettings = {
				ASSETCATALOG_COMPILER_APPICON_NAME = AppIcon;
				ASSETCATALOG_COMPILER_GLOBAL_ACCENT_COLOR_NAME = AccentColor;
				CODE_SIGN_ENTITLEMENTS = macOS/macOS.entitlements;
				CODE_SIGN_STYLE = Automatic;
				COMBINE_HIDPI_IMAGES = YES;
				DEVELOPMENT_TEAM = MBQ98GC8JT;
				ENABLE_HARDENED_RUNTIME = YES;
				ENABLE_PREVIEWS = YES;
				INFOPLIST_FILE = macOS/Info.plist;
				LD_RUNPATH_SEARCH_PATHS = (
					"$(inherited)",
					"@executable_path/../Frameworks",
				);
				MACOSX_DEPLOYMENT_TARGET = 11.0;
				PRODUCT_BUNDLE_IDENTIFIER = renaud.jenny.HelloWorldSample;
				PRODUCT_NAME = HelloWorldSample;
				SDKROOT = macosx;
				SWIFT_VERSION = 5.0;
			};
			name = Release;
		};
		4C6C930D26E3E8BD004DC0DB /* Debug */ = {
			isa = XCBuildConfiguration;
			buildSettings = {
				CODE_SIGN_STYLE = Automatic;
				DEVELOPMENT_TEAM = MBQ98GC8JT;
				INFOPLIST_FILE = "UITests iOS/Info.plist";
				IPHONEOS_DEPLOYMENT_TARGET = 14.5;
				LD_RUNPATH_SEARCH_PATHS = (
					"$(inherited)",
					"@executable_path/Frameworks",
					"@loader_path/Frameworks",
				);
				PRODUCT_BUNDLE_IDENTIFIER = "renaud.jenny.UITests-iOS";
				PRODUCT_NAME = "$(TARGET_NAME)";
				SDKROOT = iphoneos;
				SWIFT_VERSION = 5.0;
				TARGETED_DEVICE_FAMILY = "1,2";
				TEST_TARGET_NAME = "HelloWorldSample (iOS)";
			};
			name = Debug;
		};
		4C6C930E26E3E8BD004DC0DB /* Release */ = {
			isa = XCBuildConfiguration;
			buildSettings = {
				CODE_SIGN_STYLE = Automatic;
				DEVELOPMENT_TEAM = MBQ98GC8JT;
				INFOPLIST_FILE = "UITests iOS/Info.plist";
				IPHONEOS_DEPLOYMENT_TARGET = 14.5;
				LD_RUNPATH_SEARCH_PATHS = (
					"$(inherited)",
					"@executable_path/Frameworks",
					"@loader_path/Frameworks",
				);
				PRODUCT_BUNDLE_IDENTIFIER = "renaud.jenny.UITests-iOS";
				PRODUCT_NAME = "$(TARGET_NAME)";
				SDKROOT = iphoneos;
				SWIFT_VERSION = 5.0;
				TARGETED_DEVICE_FAMILY = "1,2";
				TEST_TARGET_NAME = "HelloWorldSample (iOS)";
				VALIDATE_PRODUCT = YES;
			};
			name = Release;
		};
		4C6C931B26E3E911004DC0DB /* Debug */ = {
			isa = XCBuildConfiguration;
			buildSettings = {
				CODE_SIGN_STYLE = Automatic;
				COMBINE_HIDPI_IMAGES = YES;
				DEVELOPMENT_TEAM = MBQ98GC8JT;
				INFOPLIST_FILE = "UITests macOS/Info.plist";
				LD_RUNPATH_SEARCH_PATHS = (
					"$(inherited)",
					"@executable_path/../Frameworks",
					"@loader_path/../Frameworks",
				);
				MACOSX_DEPLOYMENT_TARGET = 11.3;
				PRODUCT_BUNDLE_IDENTIFIER = "renaud.jenny.UITests-macOS";
				PRODUCT_NAME = "$(TARGET_NAME)";
				SDKROOT = macosx;
				SWIFT_VERSION = 5.0;
				TEST_TARGET_NAME = "HelloWorldSample (macOS)";
			};
			name = Debug;
		};
		4C6C931C26E3E911004DC0DB /* Release */ = {
			isa = XCBuildConfiguration;
			buildSettings = {
				CODE_SIGN_STYLE = Automatic;
				COMBINE_HIDPI_IMAGES = YES;
				DEVELOPMENT_TEAM = MBQ98GC8JT;
				INFOPLIST_FILE = "UITests macOS/Info.plist";
				LD_RUNPATH_SEARCH_PATHS = (
					"$(inherited)",
					"@executable_path/../Frameworks",
					"@loader_path/../Frameworks",
				);
				MACOSX_DEPLOYMENT_TARGET = 11.3;
				PRODUCT_BUNDLE_IDENTIFIER = "renaud.jenny.UITests-macOS";
				PRODUCT_NAME = "$(TARGET_NAME)";
				SDKROOT = macosx;
				SWIFT_VERSION = 5.0;
				TEST_TARGET_NAME = "HelloWorldSample (macOS)";
			};
			name = Release;
		};
/* End XCBuildConfiguration section */

/* Begin XCConfigurationList section */
		4C6C92DA26E3DC81004DC0DB /* Build configuration list for PBXProject "HelloWorldSample" */ = {
			isa = XCConfigurationList;
			buildConfigurations = (
				4C6C92F526E3DC87004DC0DB /* Debug */,
				4C6C92F626E3DC87004DC0DB /* Release */,
			);
			defaultConfigurationIsVisible = 0;
			defaultConfigurationName = Release;
		};
		4C6C92F726E3DC87004DC0DB /* Build configuration list for PBXNativeTarget "HelloWorldSample (iOS)" */ = {
			isa = XCConfigurationList;
			buildConfigurations = (
				4C6C92F826E3DC87004DC0DB /* Debug */,
				4C6C92F926E3DC87004DC0DB /* Release */,
			);
			defaultConfigurationIsVisible = 0;
			defaultConfigurationName = Release;
		};
		4C6C92FA26E3DC87004DC0DB /* Build configuration list for PBXNativeTarget "HelloWorldSample (macOS)" */ = {
			isa = XCConfigurationList;
			buildConfigurations = (
				4C6C92FB26E3DC87004DC0DB /* Debug */,
				4C6C92FC26E3DC87004DC0DB /* Release */,
			);
			defaultConfigurationIsVisible = 0;
			defaultConfigurationName = Release;
		};
		4C6C930C26E3E8BD004DC0DB /* Build configuration list for PBXNativeTarget "UITests iOS" */ = {
			isa = XCConfigurationList;
			buildConfigurations = (
				4C6C930D26E3E8BD004DC0DB /* Debug */,
				4C6C930E26E3E8BD004DC0DB /* Release */,
			);
			defaultConfigurationIsVisible = 0;
			defaultConfigurationName = Release;
		};
		4C6C931A26E3E911004DC0DB /* Build configuration list for PBXNativeTarget "UITests macOS" */ = {
			isa = XCConfigurationList;
			buildConfigurations = (
				4C6C931B26E3E911004DC0DB /* Debug */,
				4C6C931C26E3E911004DC0DB /* Release */,
			);
			defaultConfigurationIsVisible = 0;
			defaultConfigurationName = Release;
		};
/* End XCConfigurationList section */
	};
	rootObject = 4C6C92D726E3DC81004DC0DB /* Project object */;
}
